
Microsoft Visual Studio Solution File, Format Version 12.00
# Visual Studio Version 17
VisualStudioVersion = 17.9.34310.174
MinimumVisualStudioVersion = 10.0.40219.1
Project("{FAE04EC0-301F-11D3-BF4B-00C04F79EFBC}") = "Domain", "Domain\Domain.csproj", "{C57D2B03-234C-4743-B443-2FA6AEAFBD04}"
EndProject
Project("{FAE04EC0-301F-11D3-BF4B-00C04F79EFBC}") = "Application", "Application\Application.csproj", "{7AA5E67C-68FF-43E3-99C2-1087458DE607}"
EndProject
Project("{FAE04EC0-301F-11D3-BF4B-00C04F79EFBC}") = "Infrastructure", "Infrastructure\Infrastructure.csproj", "{F91C131E-291E-4B35-9EA3-A885C55797E1}"
EndProject
Project("{FAE04EC0-301F-11D3-BF4B-00C04F79EFBC}") = "Presentation", "Presentation\Presentation.csproj", "{9A129DDC-2B02-4F69-94A1-E37F02DFDD80}"
EndProject
Project("{FAE04EC0-301F-11D3-BF4B-00C04F79EFBC}") = "WebApi", "WebApi\WebApi.csproj", "{45DCB649-99A9-4288-905E-C052DAF0D0BF}"
EndProject
Global
	GlobalSection(SolutionConfigurationPlatforms) = preSolution
		Debug|Any CPU = Debug|Any CPU
		Release|Any CPU = Release|Any CPU
	EndGlobalSection
	GlobalSection(ProjectConfigurationPlatforms) = postSolution
		{C57D2B03-234C-4743-B443-2FA6AEAFBD04}.Debug|Any CPU.ActiveCfg = Debug|Any CPU
		{C57D2B03-234C-4743-B443-2FA6AEAFBD04}.Debug|Any CPU.Build.0 = Debug|Any CPU
		{C57D2B03-234C-4743-B443-2FA6AEAFBD04}.Release|Any CPU.ActiveCfg = Release|Any CPU
		{C57D2B03-234C-4743-B443-2FA6AEAFBD04}.Release|Any CPU.Build.0 = Release|Any CPU
		{7AA5E67C-68FF-43E3-99C2-1087458DE607}.Debug|Any CPU.ActiveCfg = Debug|Any CPU
		{7AA5E67C-68FF-43E3-99C2-1087458DE607}.Debug|Any CPU.Build.0 = Debug|Any CPU
		{7AA5E67C-68FF-43E3-99C2-1087458DE607}.Release|Any CPU.ActiveCfg = Release|Any CPU
		{7AA5E67C-68FF-43E3-99C2-1087458DE607}.Release|Any CPU.Build.0 = Release|Any CPU
		{F91C131E-291E-4B35-9EA3-A885C55797E1}.Debug|Any CPU.ActiveCfg = Debug|Any CPU
		{F91C131E-291E-4B35-9EA3-A885C55797E1}.Debug|Any CPU.Build.0 = Debug|Any CPU
		{F91C131E-291E-4B35-9EA3-A885C55797E1}.Release|Any CPU.ActiveCfg = Release|Any CPU
		{F91C131E-291E-4B35-9EA3-A885C55797E1}.Release|Any CPU.Build.0 = Release|Any CPU
		{9A129DDC-2B02-4F69-94A1-E37F02DFDD80}.Debug|Any CPU.ActiveCfg = Debug|Any CPU
		{9A129DDC-2B02-4F69-94A1-E37F02DFDD80}.Debug|Any CPU.Build.0 = Debug|Any CPU
		{9A129DDC-2B02-4F69-94A1-E37F02DFDD80}.Release|Any CPU.ActiveCfg = Release|Any CPU
		{9A129DDC-2B02-4F69-94A1-E37F02DFDD80}.Release|Any CPU.Build.0 = Release|Any CPU
		{45DCB649-99A9-4288-905E-C052DAF0D0BF}.Debug|Any CPU.ActiveCfg = Debug|Any CPU
		{45DCB649-99A9-4288-905E-C052DAF0D0BF}.Debug|Any CPU.Build.0 = Debug|Any CPU
		{45DCB649-99A9-4288-905E-C052DAF0D0BF}.Release|Any CPU.ActiveCfg = Release|Any CPU
		{45DCB649-99A9-4288-905E-C052DAF0D0BF}.Release|Any CPU.Build.0 = Release|Any CPU
	EndGlobalSection
	GlobalSection(SolutionProperties) = preSolution
		HideSolutionNode = FALSE
	EndGlobalSection
	GlobalSection(ExtensibilityGlobals) = postSolution
		SolutionGuid = {5BEE8252-EE55-4105-B50A-F43DFCF5D4AD}
	EndGlobalSection
EndGlobal
